
Microsoft Visual Studio Solution File, Format Version 12.00
# Visual Studio Version 17
VisualStudioVersion = 17.11.35312.102
MinimumVisualStudioVersion = 10.0.40219.1
Project("{FAE04EC0-301F-11D3-BF4B-00C04F79EFBC}") = "Linked List", "Linked List\Linked List.csproj", "{12E0A7CF-C87F-4E05-B6AD-DC595930049B}"
EndProject
Global
	GlobalSection(SolutionConfigurationPlatforms) = preSolution
		Debug|Any CPU = Debug|Any CPU
		Release|Any CPU = Release|Any CPU
	EndGlobalSection
	GlobalSection(ProjectConfigurationPlatforms) = postSolution
		{12E0A7CF-C87F-4E05-B6AD-DC595930049B}.Debug|Any CPU.ActiveCfg = Debug|Any CPU
		{12E0A7CF-C87F-4E05-B6AD-DC595930049B}.Debug|Any CPU.Build.0 = Debug|Any CPU
		{12E0A7CF-C87F-4E05-B6AD-DC595930049B}.Release|Any CPU.ActiveCfg = Release|Any CPU
		{12E0A7CF-C87F-4E05-B6AD-DC595930049B}.Release|Any CPU.Build.0 = Release|Any CPU
	EndGlobalSection
	GlobalSection(SolutionProperties) = preSolution
		HideSolutionNode = FALSE
	EndGlobalSection
	GlobalSection(ExtensibilityGlobals) = postSolution
		SolutionGuid = {B82A1587-9D17-4029-B567-953BC803E25D}
	EndGlobalSection
EndGlobal
