
Microsoft Visual Studio Solution File, Format Version 12.00
# Visual Studio Version 17
VisualStudioVersion = 17.11.35312.102
MinimumVisualStudioVersion = 10.0.40219.1
Project("{FAE04EC0-301F-11D3-BF4B-00C04F79EFBC}") = "Insert_Sorting", "Insert_Sorting\Insert_Sorting.csproj", "{C37F64E4-EBAB-40BC-9968-91FCAE9C73F2}"
EndProject
Global
	GlobalSection(SolutionConfigurationPlatforms) = preSolution
		Debug|Any CPU = Debug|Any CPU
		Release|Any CPU = Release|Any CPU
	EndGlobalSection
	GlobalSection(ProjectConfigurationPlatforms) = postSolution
		{C37F64E4-EBAB-40BC-9968-91FCAE9C73F2}.Debug|Any CPU.ActiveCfg = Debug|Any CPU
		{C37F64E4-EBAB-40BC-9968-91FCAE9C73F2}.Debug|Any CPU.Build.0 = Debug|Any CPU
		{C37F64E4-EBAB-40BC-9968-91FCAE9C73F2}.Release|Any CPU.ActiveCfg = Release|Any CPU
		{C37F64E4-EBAB-40BC-9968-91FCAE9C73F2}.Release|Any CPU.Build.0 = Release|Any CPU
	EndGlobalSection
	GlobalSection(SolutionProperties) = preSolution
		HideSolutionNode = FALSE
	EndGlobalSection
	GlobalSection(ExtensibilityGlobals) = postSolution
		SolutionGuid = {8C15213D-72DE-49FD-8BC4-40950C4E70CB}
	EndGlobalSection
EndGlobal
